// !$*UTF8*$!
{
	archiveVersion = 1;
	classes = {
	};
	objectVersion = 46;
	objects = {

/* Begin PBXBuildFile section */
		52312EFB1F1ED5FF0053335A /* CustomCell.swift in Sources */ = {isa = PBXBuildFile; fileRef = 52312EFA1F1ED5FF0053335A /* CustomCell.swift */; };
		52312EFD1F1ED71E0053335A /* CalendarViewController.swift in Sources */ = {isa = PBXBuildFile; fileRef = 52312EFC1F1ED71E0053335A /* CalendarViewController.swift */; };
		527273871F0DB86B00DD19C6 /* RootPageViewController.swift in Sources */ = {isa = PBXBuildFile; fileRef = 527273861F0DB86B00DD19C6 /* RootPageViewController.swift */; };
		5272738A1F133E1100DD19C6 /* GeneralVC.swift in Sources */ = {isa = PBXBuildFile; fileRef = 527273891F133E1100DD19C6 /* GeneralVC.swift */; };
		527D489B1F3264C6006D7499 /* AdViewController.swift in Sources */ = {isa = PBXBuildFile; fileRef = 527D489A1F3264C5006D7499 /* AdViewController.swift */; };
		528357071F1883FE00C7F6D2 /* DoNothingVC.swift in Sources */ = {isa = PBXBuildFile; fileRef = 528357061F1883FE00C7F6D2 /* DoNothingVC.swift */; };
		5283570C1F19CFC500C7F6D2 /* musicSong.mp3 in Resources */ = {isa = PBXBuildFile; fileRef = 5283570B1F19CFC500C7F6D2 /* musicSong.mp3 */; };
		5283570E1F19F56F00C7F6D2 /* doNothingSong.mp3 in Resources */ = {isa = PBXBuildFile; fileRef = 5283570D1F19F56F00C7F6D2 /* doNothingSong.mp3 */; };
		528357101F19FA1A00C7F6D2 /* MusicVC.swift in Sources */ = {isa = PBXBuildFile; fileRef = 5283570F1F19FA1A00C7F6D2 /* MusicVC.swift */; };
		528357121F1AB61900C7F6D2 /* ImagineVC.swift in Sources */ = {isa = PBXBuildFile; fileRef = 528357111F1AB61900C7F6D2 /* ImagineVC.swift */; };
		528357151F1AB7B100C7F6D2 /* lighthouseVideo.mp4 in Resources */ = {isa = PBXBuildFile; fileRef = 528357141F1AB73300C7F6D2 /* lighthouseVideo.mp4 */; };
		528357171F1ADA9100C7F6D2 /* ImagineCollectionViewCell.swift in Sources */ = {isa = PBXBuildFile; fileRef = 528357161F1ADA9100C7F6D2 /* ImagineCollectionViewCell.swift */; };
		5283571B1F1B18DD00C7F6D2 /* snowVideo.mp4 in Resources */ = {isa = PBXBuildFile; fileRef = 5283571A1F1B18BF00C7F6D2 /* snowVideo.mp4 */; };
		5283571E1F1B219E00C7F6D2 /* blossomVideo.mp4 in Resources */ = {isa = PBXBuildFile; fileRef = 5283571C1F1B216A00C7F6D2 /* blossomVideo.mp4 */; };
		5283571F1F1B219E00C7F6D2 /* fieldVideo.mp4 in Resources */ = {isa = PBXBuildFile; fileRef = 5283571D1F1B217500C7F6D2 /* fieldVideo.mp4 */; };
		528357231F1B297D00C7F6D2 /* riverVideo.mp4 in Resources */ = {isa = PBXBuildFile; fileRef = 528357221F1B297100C7F6D2 /* riverVideo.mp4 */; };
		5283C3241F135EA400C1BF0E /* JokeVC.swift in Sources */ = {isa = PBXBuildFile; fileRef = 5283C3231F135EA400C1BF0E /* JokeVC.swift */; };
		5283C3281F1405AC00C1BF0E /* HelpedCheckBox.swift in Sources */ = {isa = PBXBuildFile; fileRef = 5283C3271F1405AB00C1BF0E /* HelpedCheckBox.swift */; };
		529033621F148D9000D9D1EA /* WriteVC.swift in Sources */ = {isa = PBXBuildFile; fileRef = 529033611F148D9000D9D1EA /* WriteVC.swift */; };
		52B0828F1F0D67AF0044AC85 /* AppDelegate.swift in Sources */ = {isa = PBXBuildFile; fileRef = 52B0828E1F0D67AF0044AC85 /* AppDelegate.swift */; };
		52B082941F0D67AF0044AC85 /* Main.storyboard in Resources */ = {isa = PBXBuildFile; fileRef = 52B082921F0D67AF0044AC85 /* Main.storyboard */; };
		52B082961F0D67AF0044AC85 /* Assets.xcassets in Resources */ = {isa = PBXBuildFile; fileRef = 52B082951F0D67AF0044AC85 /* Assets.xcassets */; };
		52B082991F0D67AF0044AC85 /* LaunchScreen.storyboard in Resources */ = {isa = PBXBuildFile; fileRef = 52B082971F0D67AF0044AC85 /* LaunchScreen.storyboard */; };
		52B21A0B1F2709CB0045BB3A /* CheckboxViewController.swift in Sources */ = {isa = PBXBuildFile; fileRef = 52B21A0A1F2709CB0045BB3A /* CheckboxViewController.swift */; };
		52FCA92A1F2A98AA00C473AC /* DatePage.swift in Sources */ = {isa = PBXBuildFile; fileRef = 52FCA9291F2A98AA00C473AC /* DatePage.swift */; };
		52FCA92E1F2C0BC200C473AC /* CalendarTableViewCell.swift in Sources */ = {isa = PBXBuildFile; fileRef = 52FCA92D1F2C0BC200C473AC /* CalendarTableViewCell.swift */; };
		5C3E6844F86157E47C17A39C /* Pods_Dimple.framework in Frameworks */ = {isa = PBXBuildFile; fileRef = 0FCBA9FD116BB9E59F3B054E /* Pods_Dimple.framework */; };
/* End PBXBuildFile section */

/* Begin PBXFileReference section */
		0FCBA9FD116BB9E59F3B054E /* Pods_Dimple.framework */ = {isa = PBXFileReference; explicitFileType = wrapper.framework; includeInIndex = 0; path = Pods_Dimple.framework; sourceTree = BUILT_PRODUCTS_DIR; };
		52312EFA1F1ED5FF0053335A /* CustomCell.swift */ = {isa = PBXFileReference; fileEncoding = 4; lastKnownFileType = sourcecode.swift; path = CustomCell.swift; sourceTree = "<group>"; };
		52312EFC1F1ED71E0053335A /* CalendarViewController.swift */ = {isa = PBXFileReference; fileEncoding = 4; lastKnownFileType = sourcecode.swift; path = CalendarViewController.swift; sourceTree = "<group>"; };
		527273861F0DB86B00DD19C6 /* RootPageViewController.swift */ = {isa = PBXFileReference; fileEncoding = 4; lastKnownFileType = sourcecode.swift; path = RootPageViewController.swift; sourceTree = "<group>"; };
		527273891F133E1100DD19C6 /* GeneralVC.swift */ = {isa = PBXFileReference; fileEncoding = 4; lastKnownFileType = sourcecode.swift; path = GeneralVC.swift; sourceTree = "<group>"; };
		527D489A1F3264C5006D7499 /* AdViewController.swift */ = {isa = PBXFileReference; fileEncoding = 4; lastKnownFileType = sourcecode.swift; path = AdViewController.swift; sourceTree = "<group>"; };
		528357061F1883FE00C7F6D2 /* DoNothingVC.swift */ = {isa = PBXFileReference; fileEncoding = 4; lastKnownFileType = sourcecode.swift; path = DoNothingVC.swift; sourceTree = "<group>"; };
		5283570B1F19CFC500C7F6D2 /* musicSong.mp3 */ = {isa = PBXFileReference; lastKnownFileType = audio.mp3; path = musicSong.mp3; sourceTree = "<group>"; };
		5283570D1F19F56F00C7F6D2 /* doNothingSong.mp3 */ = {isa = PBXFileReference; lastKnownFileType = audio.mp3; path = doNothingSong.mp3; sourceTree = "<group>"; };
		5283570F1F19FA1A00C7F6D2 /* MusicVC.swift */ = {isa = PBXFileReference; fileEncoding = 4; lastKnownFileType = sourcecode.swift; path = MusicVC.swift; sourceTree = "<group>"; };
		528357111F1AB61900C7F6D2 /* ImagineVC.swift */ = {isa = PBXFileReference; fileEncoding = 4; lastKnownFileType = sourcecode.swift; path = ImagineVC.swift; sourceTree = "<group>"; };
		528357141F1AB73300C7F6D2 /* lighthouseVideo.mp4 */ = {isa = PBXFileReference; lastKnownFileType = file; path = lighthouseVideo.mp4; sourceTree = "<group>"; };
		528357161F1ADA9100C7F6D2 /* ImagineCollectionViewCell.swift */ = {isa = PBXFileReference; fileEncoding = 4; lastKnownFileType = sourcecode.swift; path = ImagineCollectionViewCell.swift; sourceTree = "<group>"; };
		5283571A1F1B18BF00C7F6D2 /* snowVideo.mp4 */ = {isa = PBXFileReference; lastKnownFileType = file; path = snowVideo.mp4; sourceTree = "<group>"; };
		5283571C1F1B216A00C7F6D2 /* blossomVideo.mp4 */ = {isa = PBXFileReference; lastKnownFileType = file; path = blossomVideo.mp4; sourceTree = "<group>"; };
		5283571D1F1B217500C7F6D2 /* fieldVideo.mp4 */ = {isa = PBXFileReference; lastKnownFileType = file; path = fieldVideo.mp4; sourceTree = "<group>"; };
		528357221F1B297100C7F6D2 /* riverVideo.mp4 */ = {isa = PBXFileReference; lastKnownFileType = file; path = riverVideo.mp4; sourceTree = "<group>"; };
		5283C3231F135EA400C1BF0E /* JokeVC.swift */ = {isa = PBXFileReference; fileEncoding = 4; lastKnownFileType = sourcecode.swift; path = JokeVC.swift; sourceTree = "<group>"; };
		5283C3271F1405AB00C1BF0E /* HelpedCheckBox.swift */ = {isa = PBXFileReference; fileEncoding = 4; lastKnownFileType = sourcecode.swift; path = HelpedCheckBox.swift; sourceTree = "<group>"; };
		529033611F148D9000D9D1EA /* WriteVC.swift */ = {isa = PBXFileReference; fileEncoding = 4; lastKnownFileType = sourcecode.swift; path = WriteVC.swift; sourceTree = "<group>"; };
		52B0828B1F0D67AF0044AC85 /* Dimple.app */ = {isa = PBXFileReference; explicitFileType = wrapper.application; includeInIndex = 0; path = Dimple.app; sourceTree = BUILT_PRODUCTS_DIR; };
		52B0828E1F0D67AF0044AC85 /* AppDelegate.swift */ = {isa = PBXFileReference; lastKnownFileType = sourcecode.swift; path = AppDelegate.swift; sourceTree = "<group>"; };
		52B082931F0D67AF0044AC85 /* Base */ = {isa = PBXFileReference; lastKnownFileType = file.storyboard; name = Base; path = Base.lproj/Main.storyboard; sourceTree = "<group>"; };
		52B082951F0D67AF0044AC85 /* Assets.xcassets */ = {isa = PBXFileReference; lastKnownFileType = folder.assetcatalog; path = Assets.xcassets; sourceTree = "<group>"; };
		52B082981F0D67AF0044AC85 /* Base */ = {isa = PBXFileReference; lastKnownFileType = file.storyboard; name = Base; path = Base.lproj/LaunchScreen.storyboard; sourceTree = "<group>"; };
		52B0829A1F0D67AF0044AC85 /* Info.plist */ = {isa = PBXFileReference; lastKnownFileType = text.plist.xml; path = Info.plist; sourceTree = "<group>"; };
		52B21A0A1F2709CB0045BB3A /* CheckboxViewController.swift */ = {isa = PBXFileReference; fileEncoding = 4; lastKnownFileType = sourcecode.swift; path = CheckboxViewController.swift; sourceTree = "<group>"; };
		52FCA9291F2A98AA00C473AC /* DatePage.swift */ = {isa = PBXFileReference; fileEncoding = 4; lastKnownFileType = sourcecode.swift; path = DatePage.swift; sourceTree = "<group>"; };
		52FCA92D1F2C0BC200C473AC /* CalendarTableViewCell.swift */ = {isa = PBXFileReference; fileEncoding = 4; lastKnownFileType = sourcecode.swift; path = CalendarTableViewCell.swift; sourceTree = "<group>"; };
		A5B55AD5DB3DFD626DCC573D /* Pods_DimpleUITests.framework */ = {isa = PBXFileReference; explicitFileType = wrapper.framework; includeInIndex = 0; path = Pods_DimpleUITests.framework; sourceTree = BUILT_PRODUCTS_DIR; };
		B469F1112D2E634445E85F87 /* Pods_DimpleTests.framework */ = {isa = PBXFileReference; explicitFileType = wrapper.framework; includeInIndex = 0; path = Pods_DimpleTests.framework; sourceTree = BUILT_PRODUCTS_DIR; };
		BAC3FCD20C4084822D6E511C /* Pods-Dimple.debug.xcconfig */ = {isa = PBXFileReference; includeInIndex = 1; lastKnownFileType = text.xcconfig; name = "Pods-Dimple.debug.xcconfig"; path = "Pods/Target Support Files/Pods-Dimple/Pods-Dimple.debug.xcconfig"; sourceTree = "<group>"; };
		BFB4A5EB06093DF189F245D6 /* Pods-DimpleUITests.release.xcconfig */ = {isa = PBXFileReference; includeInIndex = 1; lastKnownFileType = text.xcconfig; name = "Pods-DimpleUITests.release.xcconfig"; path = "Pods/Target Support Files/Pods-DimpleUITests/Pods-DimpleUITests.release.xcconfig"; sourceTree = "<group>"; };
		C6677B47A35DE25D7C0B2713 /* Pods-Dimple.release.xcconfig */ = {isa = PBXFileReference; includeInIndex = 1; lastKnownFileType = text.xcconfig; name = "Pods-Dimple.release.xcconfig"; path = "Pods/Target Support Files/Pods-Dimple/Pods-Dimple.release.xcconfig"; sourceTree = "<group>"; };
		C7D88741208FE7185A5A0736 /* Pods-DimpleTests.release.xcconfig */ = {isa = PBXFileReference; includeInIndex = 1; lastKnownFileType = text.xcconfig; name = "Pods-DimpleTests.release.xcconfig"; path = "Pods/Target Support Files/Pods-DimpleTests/Pods-DimpleTests.release.xcconfig"; sourceTree = "<group>"; };
		D064F77D556574132E938A2D /* Pods-DimpleTests.debug.xcconfig */ = {isa = PBXFileReference; includeInIndex = 1; lastKnownFileType = text.xcconfig; name = "Pods-DimpleTests.debug.xcconfig"; path = "Pods/Target Support Files/Pods-DimpleTests/Pods-DimpleTests.debug.xcconfig"; sourceTree = "<group>"; };
		E41E329E6270C4CFED6D6359 /* Pods-DimpleUITests.debug.xcconfig */ = {isa = PBXFileReference; includeInIndex = 1; lastKnownFileType = text.xcconfig; name = "Pods-DimpleUITests.debug.xcconfig"; path = "Pods/Target Support Files/Pods-DimpleUITests/Pods-DimpleUITests.debug.xcconfig"; sourceTree = "<group>"; };
/* End PBXFileReference section */

/* Begin PBXFrameworksBuildPhase section */
		52B082881F0D67AF0044AC85 /* Frameworks */ = {
			isa = PBXFrameworksBuildPhase;
			buildActionMask = 2147483647;
			files = (
				5C3E6844F86157E47C17A39C /* Pods_Dimple.framework in Frameworks */,
			);
			runOnlyForDeploymentPostprocessing = 0;
		};
/* End PBXFrameworksBuildPhase section */

/* Begin PBXGroup section */
		1D9E3F1D346265AA36ED26A2 /* Frameworks */ = {
			isa = PBXGroup;
			children = (
				0FCBA9FD116BB9E59F3B054E /* Pods_Dimple.framework */,
				B469F1112D2E634445E85F87 /* Pods_DimpleTests.framework */,
				A5B55AD5DB3DFD626DCC573D /* Pods_DimpleUITests.framework */,
			);
			name = Frameworks;
			sourceTree = "<group>";
		};
		527273881F133DD100DD19C6 /* Pages */ = {
			isa = PBXGroup;
			children = (
				527273891F133E1100DD19C6 /* GeneralVC.swift */,
				529033611F148D9000D9D1EA /* WriteVC.swift */,
				5283C3231F135EA400C1BF0E /* JokeVC.swift */,
				528357061F1883FE00C7F6D2 /* DoNothingVC.swift */,
				5283570F1F19FA1A00C7F6D2 /* MusicVC.swift */,
				528357251F1B509800C7F6D2 /* Imagine */,
			);
			name = Pages;
			sourceTree = "<group>";
		};
		528357081F19CBD500C7F6D2 /* Sounds */ = {
			isa = PBXGroup;
			children = (
				5283570D1F19F56F00C7F6D2 /* doNothingSong.mp3 */,
				5283570B1F19CFC500C7F6D2 /* musicSong.mp3 */,
			);
			name = Sounds;
			sourceTree = "<group>";
		};
		528357131F1AB70A00C7F6D2 /* Videos */ = {
			isa = PBXGroup;
			children = (
				528357241F1B507400C7F6D2 /* Imagine */,
			);
			name = Videos;
			sourceTree = "<group>";
		};
		528357241F1B507400C7F6D2 /* Imagine */ = {
			isa = PBXGroup;
			children = (
				528357141F1AB73300C7F6D2 /* lighthouseVideo.mp4 */,
				5283571A1F1B18BF00C7F6D2 /* snowVideo.mp4 */,
				5283571C1F1B216A00C7F6D2 /* blossomVideo.mp4 */,
				5283571D1F1B217500C7F6D2 /* fieldVideo.mp4 */,
				528357221F1B297100C7F6D2 /* riverVideo.mp4 */,
			);
			name = Imagine;
			sourceTree = "<group>";
		};
		528357251F1B509800C7F6D2 /* Imagine */ = {
			isa = PBXGroup;
			children = (
				528357111F1AB61900C7F6D2 /* ImagineVC.swift */,
				528357161F1ADA9100C7F6D2 /* ImagineCollectionViewCell.swift */,
			);
			name = Imagine;
			sourceTree = "<group>";
		};
		52B082821F0D67AF0044AC85 = {
			isa = PBXGroup;
			children = (
				52B0828D1F0D67AF0044AC85 /* Dimple */,
				52B0828C1F0D67AF0044AC85 /* Products */,
				FD19DAAFD1F6D388BBF9B7AB /* Pods */,
				1D9E3F1D346265AA36ED26A2 /* Frameworks */,
			);
			sourceTree = "<group>";
		};
		52B0828C1F0D67AF0044AC85 /* Products */ = {
			isa = PBXGroup;
			children = (
				52B0828B1F0D67AF0044AC85 /* Dimple.app */,
			);
			name = Products;
			sourceTree = "<group>";
		};
		52B0828D1F0D67AF0044AC85 /* Dimple */ = {
			isa = PBXGroup;
			children = (
				527273881F133DD100DD19C6 /* Pages */,
				528357081F19CBD500C7F6D2 /* Sounds */,
				528357131F1AB70A00C7F6D2 /* Videos */,
				52B0828E1F0D67AF0044AC85 /* AppDelegate.swift */,
				527D489A1F3264C5006D7499 /* AdViewController.swift */,
				527273861F0DB86B00DD19C6 /* RootPageViewController.swift */,
				52FCA9291F2A98AA00C473AC /* DatePage.swift */,
				52FCA92F1F2C821B00C473AC /* Calendar */,
				52B21A0C1F27126B0045BB3A /* Checkbox */,
				52B082951F0D67AF0044AC85 /* Assets.xcassets */,
				52B082921F0D67AF0044AC85 /* Main.storyboard */,
				52B082971F0D67AF0044AC85 /* LaunchScreen.storyboard */,
				52B0829A1F0D67AF0044AC85 /* Info.plist */,
			);
			path = Dimple;
			sourceTree = "<group>";
		};
		52B21A0C1F27126B0045BB3A /* Checkbox */ = {
			isa = PBXGroup;
			children = (
				52B21A0A1F2709CB0045BB3A /* CheckboxViewController.swift */,
				5283C3271F1405AB00C1BF0E /* HelpedCheckBox.swift */,
			);
			name = Checkbox;
			sourceTree = "<group>";
		};
		52FCA92F1F2C821B00C473AC /* Calendar */ = {
			isa = PBXGroup;
			children = (
				52312EFC1F1ED71E0053335A /* CalendarViewController.swift */,
				52312EFA1F1ED5FF0053335A /* CustomCell.swift */,
				52FCA92D1F2C0BC200C473AC /* CalendarTableViewCell.swift */,
			);
			name = Calendar;
			sourceTree = "<group>";
		};
		FD19DAAFD1F6D388BBF9B7AB /* Pods */ = {
			isa = PBXGroup;
			children = (
				BAC3FCD20C4084822D6E511C /* Pods-Dimple.debug.xcconfig */,
				C6677B47A35DE25D7C0B2713 /* Pods-Dimple.release.xcconfig */,
				D064F77D556574132E938A2D /* Pods-DimpleTests.debug.xcconfig */,
				C7D88741208FE7185A5A0736 /* Pods-DimpleTests.release.xcconfig */,
				E41E329E6270C4CFED6D6359 /* Pods-DimpleUITests.debug.xcconfig */,
				BFB4A5EB06093DF189F245D6 /* Pods-DimpleUITests.release.xcconfig */,
			);
			name = Pods;
			sourceTree = "<group>";
		};
/* End PBXGroup section */

/* Begin PBXNativeTarget section */
		52B0828A1F0D67AF0044AC85 /* Dimple */ = {
			isa = PBXNativeTarget;
			buildConfigurationList = 52B082B31F0D67B00044AC85 /* Build configuration list for PBXNativeTarget "Dimple" */;
			buildPhases = (
				2059FE8DF5828FCCAC2C09DA /* [CP] Check Pods Manifest.lock */,
				52B082871F0D67AF0044AC85 /* Sources */,
				52B082881F0D67AF0044AC85 /* Frameworks */,
				52B082891F0D67AF0044AC85 /* Resources */,
				7E27CDB73A996A8F3030C4A0 /* [CP] Embed Pods Frameworks */,
				919B76EF1AF42114B50A06E9 /* [CP] Copy Pods Resources */,
			);
			buildRules = (
			);
			dependencies = (
			);
			name = Dimple;
			productName = "Tabbar App example";
			productReference = 52B0828B1F0D67AF0044AC85 /* Dimple.app */;
			productType = "com.apple.product-type.application";
		};
/* End PBXNativeTarget section */

/* Begin PBXProject section */
		52B082831F0D67AF0044AC85 /* Project object */ = {
			isa = PBXProject;
			attributes = {
				LastSwiftUpdateCheck = 0830;
				LastUpgradeCheck = 0830;
				ORGANIZATIONNAME = "Christina Lau";
				TargetAttributes = {
					52B0828A1F0D67AF0044AC85 = {
						CreatedOnToolsVersion = 8.3.2;
						DevelopmentTeam = 9ZJ7PC53XG;
						ProvisioningStyle = Automatic;
					};
				};
			};
			buildConfigurationList = 52B082861F0D67AF0044AC85 /* Build configuration list for PBXProject "Dimple" */;
			compatibilityVersion = "Xcode 3.2";
			developmentRegion = English;
			hasScannedForEncodings = 0;
			knownRegions = (
				en,
				Base,
			);
			mainGroup = 52B082821F0D67AF0044AC85;
			productRefGroup = 52B0828C1F0D67AF0044AC85 /* Products */;
			projectDirPath = "";
			projectRoot = "";
			targets = (
				52B0828A1F0D67AF0044AC85 /* Dimple */,
			);
		};
/* End PBXProject section */

/* Begin PBXResourcesBuildPhase section */
		52B082891F0D67AF0044AC85 /* Resources */ = {
			isa = PBXResourcesBuildPhase;
			buildActionMask = 2147483647;
			files = (
				528357231F1B297D00C7F6D2 /* riverVideo.mp4 in Resources */,
				5283571E1F1B219E00C7F6D2 /* blossomVideo.mp4 in Resources */,
				5283571F1F1B219E00C7F6D2 /* fieldVideo.mp4 in Resources */,
				5283571B1F1B18DD00C7F6D2 /* snowVideo.mp4 in Resources */,
				528357151F1AB7B100C7F6D2 /* lighthouseVideo.mp4 in Resources */,
				5283570E1F19F56F00C7F6D2 /* doNothingSong.mp3 in Resources */,
				52B082991F0D67AF0044AC85 /* LaunchScreen.storyboard in Resources */,
				52B082961F0D67AF0044AC85 /* Assets.xcassets in Resources */,
				5283570C1F19CFC500C7F6D2 /* musicSong.mp3 in Resources */,
				52B082941F0D67AF0044AC85 /* Main.storyboard in Resources */,
			);
			runOnlyForDeploymentPostprocessing = 0;
		};
/* End PBXResourcesBuildPhase section */

/* Begin PBXShellScriptBuildPhase section */
		2059FE8DF5828FCCAC2C09DA /* [CP] Check Pods Manifest.lock */ = {
			isa = PBXShellScriptBuildPhase;
			buildActionMask = 2147483647;
			files = (
			);
			inputPaths = (
			);
			name = "[CP] Check Pods Manifest.lock";
			outputPaths = (
			);
			runOnlyForDeploymentPostprocessing = 0;
			shellPath = /bin/sh;
			shellScript = "diff \"${PODS_PODFILE_DIR_PATH}/Podfile.lock\" \"${PODS_ROOT}/Manifest.lock\" > /dev/null\nif [ $? != 0 ] ; then\n    # print error to STDERR\n    echo \"error: The sandbox is not in sync with the Podfile.lock. Run 'pod install' or update your CocoaPods installation.\" >&2\n    exit 1\nfi\n";
			showEnvVarsInLog = 0;
		};
		7E27CDB73A996A8F3030C4A0 /* [CP] Embed Pods Frameworks */ = {
			isa = PBXShellScriptBuildPhase;
			buildActionMask = 2147483647;
			files = (
			);
			inputPaths = (
			);
			name = "[CP] Embed Pods Frameworks";
			outputPaths = (
			);
			runOnlyForDeploymentPostprocessing = 0;
			shellPath = /bin/sh;
			shellScript = "\"${SRCROOT}/Pods/Target Support Files/Pods-Dimple/Pods-Dimple-frameworks.sh\"\n";
			showEnvVarsInLog = 0;
		};
		919B76EF1AF42114B50A06E9 /* [CP] Copy Pods Resources */ = {
			isa = PBXShellScriptBuildPhase;
			buildActionMask = 2147483647;
			files = (
			);
			inputPaths = (
			);
			name = "[CP] Copy Pods Resources";
			outputPaths = (
			);
			runOnlyForDeploymentPostprocessing = 0;
			shellPath = /bin/sh;
			shellScript = "\"${SRCROOT}/Pods/Target Support Files/Pods-Dimple/Pods-Dimple-resources.sh\"\n";
			showEnvVarsInLog = 0;
		};
/* End PBXShellScriptBuildPhase section */

/* Begin PBXSourcesBuildPhase section */
		52B082871F0D67AF0044AC85 /* Sources */ = {
			isa = PBXSourcesBuildPhase;
			buildActionMask = 2147483647;
			files = (
				529033621F148D9000D9D1EA /* WriteVC.swift in Sources */,
				52FCA92A1F2A98AA00C473AC /* DatePage.swift in Sources */,
				528357071F1883FE00C7F6D2 /* DoNothingVC.swift in Sources */,
				52312EFB1F1ED5FF0053335A /* CustomCell.swift in Sources */,
				5272738A1F133E1100DD19C6 /* GeneralVC.swift in Sources */,
				527D489B1F3264C6006D7499 /* AdViewController.swift in Sources */,
				528357101F19FA1A00C7F6D2 /* MusicVC.swift in Sources */,
				5283C3241F135EA400C1BF0E /* JokeVC.swift in Sources */,
				5283C3281F1405AC00C1BF0E /* HelpedCheckBox.swift in Sources */,
				52B21A0B1F2709CB0045BB3A /* CheckboxViewController.swift in Sources */,
				52312EFD1F1ED71E0053335A /* CalendarViewController.swift in Sources */,
				52B0828F1F0D67AF0044AC85 /* AppDelegate.swift in Sources */,
				527273871F0DB86B00DD19C6 /* RootPageViewController.swift in Sources */,
				52FCA92E1F2C0BC200C473AC /* CalendarTableViewCell.swift in Sources */,
				528357171F1ADA9100C7F6D2 /* ImagineCollectionViewCell.swift in Sources */,
				528357121F1AB61900C7F6D2 /* ImagineVC.swift in Sources */,
			);
			runOnlyForDeploymentPostprocessing = 0;
		};
/* End PBXSourcesBuildPhase section */

/* Begin PBXVariantGroup section */
		52B082921F0D67AF0044AC85 /* Main.storyboard */ = {
			isa = PBXVariantGroup;
			children = (
				52B082931F0D67AF0044AC85 /* Base */,
			);
			name = Main.storyboard;
			sourceTree = "<group>";
		};
		52B082971F0D67AF0044AC85 /* LaunchScreen.storyboard */ = {
			isa = PBXVariantGroup;
			children = (
				52B082981F0D67AF0044AC85 /* Base */,
			);
			name = LaunchScreen.storyboard;
			sourceTree = "<group>";
		};
/* End PBXVariantGroup section */

/* Begin XCBuildConfiguration section */
		52B082B11F0D67B00044AC85 /* Debug */ = {
			isa = XCBuildConfiguration;
			buildSettings = {
				ALWAYS_SEARCH_USER_PATHS = NO;
				CLANG_ANALYZER_NONNULL = YES;
				CLANG_ANALYZER_NUMBER_OBJECT_CONVERSION = YES_AGGRESSIVE;
				CLANG_CXX_LANGUAGE_STANDARD = "gnu++0x";
				CLANG_CXX_LIBRARY = "libc++";
				CLANG_ENABLE_MODULES = YES;
				CLANG_ENABLE_OBJC_ARC = YES;
				CLANG_WARN_BOOL_CONVERSION = YES;
				CLANG_WARN_CONSTANT_CONVERSION = YES;
				CLANG_WARN_DIRECT_OBJC_ISA_USAGE = YES_ERROR;
				CLANG_WARN_DOCUMENTATION_COMMENTS = YES;
				CLANG_WARN_EMPTY_BODY = YES;
				CLANG_WARN_ENUM_CONVERSION = YES;
				CLANG_WARN_INFINITE_RECURSION = YES;
				CLANG_WARN_INT_CONVERSION = YES;
				CLANG_WARN_OBJC_ROOT_CLASS = YES_ERROR;
				CLANG_WARN_SUSPICIOUS_MOVE = YES;
				CLANG_WARN_UNREACHABLE_CODE = YES;
				CLANG_WARN__DUPLICATE_METHOD_MATCH = YES;
				"CODE_SIGN_IDENTITY[sdk=iphoneos*]" = "iPhone Developer";
				COPY_PHASE_STRIP = NO;
				DEBUG_INFORMATION_FORMAT = dwarf;
				ENABLE_STRICT_OBJC_MSGSEND = YES;
				ENABLE_TESTABILITY = YES;
				GCC_C_LANGUAGE_STANDARD = gnu99;
				GCC_DYNAMIC_NO_PIC = NO;
				GCC_NO_COMMON_BLOCKS = YES;
				GCC_OPTIMIZATION_LEVEL = 0;
				GCC_PREPROCESSOR_DEFINITIONS = (
					"DEBUG=1",
					"$(inherited)",
				);
				GCC_WARN_64_TO_32_BIT_CONVERSION = YES;
				GCC_WARN_ABOUT_RETURN_TYPE = YES_ERROR;
				GCC_WARN_UNDECLARED_SELECTOR = YES;
				GCC_WARN_UNINITIALIZED_AUTOS = YES_AGGRESSIVE;
				GCC_WARN_UNUSED_FUNCTION = YES;
				GCC_WARN_UNUSED_VARIABLE = YES;
				IPHONEOS_DEPLOYMENT_TARGET = 10.3;
				MTL_ENABLE_DEBUG_INFO = YES;
				ONLY_ACTIVE_ARCH = YES;
				SDKROOT = iphoneos;
				SWIFT_ACTIVE_COMPILATION_CONDITIONS = DEBUG;
				SWIFT_OPTIMIZATION_LEVEL = "-Onone";
				TARGETED_DEVICE_FAMILY = "1,2";
			};
			name = Debug;
		};
		52B082B21F0D67B00044AC85 /* Release */ = {
			isa = XCBuildConfiguration;
			buildSettings = {
				ALWAYS_SEARCH_USER_PATHS = NO;
				CLANG_ANALYZER_NONNULL = YES;
				CLANG_ANALYZER_NUMBER_OBJECT_CONVERSION = YES_AGGRESSIVE;
				CLANG_CXX_LANGUAGE_STANDARD = "gnu++0x";
				CLANG_CXX_LIBRARY = "libc++";
				CLANG_ENABLE_MODULES = YES;
				CLANG_ENABLE_OBJC_ARC = YES;
				CLANG_WARN_BOOL_CONVERSION = YES;
				CLANG_WARN_CONSTANT_CONVERSION = YES;
				CLANG_WARN_DIRECT_OBJC_ISA_USAGE = YES_ERROR;
				CLANG_WARN_DOCUMENTATION_COMMENTS = YES;
				CLANG_WARN_EMPTY_BODY = YES;
				CLANG_WARN_ENUM_CONVERSION = YES;
				CLANG_WARN_INFINITE_RECURSION = YES;
				CLANG_WARN_INT_CONVERSION = YES;
				CLANG_WARN_OBJC_ROOT_CLASS = YES_ERROR;
				CLANG_WARN_SUSPICIOUS_MOVE = YES;
				CLANG_WARN_UNREACHABLE_CODE = YES;
				CLANG_WARN__DUPLICATE_METHOD_MATCH = YES;
				"CODE_SIGN_IDENTITY[sdk=iphoneos*]" = "iPhone Developer";
				COPY_PHASE_STRIP = NO;
				DEBUG_INFORMATION_FORMAT = "dwarf-with-dsym";
				ENABLE_NS_ASSERTIONS = NO;
				ENABLE_STRICT_OBJC_MSGSEND = YES;
				GCC_C_LANGUAGE_STANDARD = gnu99;
				GCC_NO_COMMON_BLOCKS = YES;
				GCC_WARN_64_TO_32_BIT_CONVERSION = YES;
				GCC_WARN_ABOUT_RETURN_TYPE = YES_ERROR;
				GCC_WARN_UNDECLARED_SELECTOR = YES;
				GCC_WARN_UNINITIALIZED_AUTOS = YES_AGGRESSIVE;
				GCC_WARN_UNUSED_FUNCTION = YES;
				GCC_WARN_UNUSED_VARIABLE = YES;
				IPHONEOS_DEPLOYMENT_TARGET = 10.3;
				MTL_ENABLE_DEBUG_INFO = NO;
				SDKROOT = iphoneos;
				SWIFT_OPTIMIZATION_LEVEL = "-Owholemodule";
				TARGETED_DEVICE_FAMILY = "1,2";
				VALIDATE_PRODUCT = YES;
			};
			name = Release;
		};
		52B082B41F0D67B00044AC85 /* Debug */ = {
			isa = XCBuildConfiguration;
			baseConfigurationReference = BAC3FCD20C4084822D6E511C /* Pods-Dimple.debug.xcconfig */;
			buildSettings = {
				ASSETCATALOG_COMPILER_APPICON_NAME = AppIcon;
				DEBUG_ACTIVITY_MODE = "";
				"DEBUG_ACTIVITY_MODE[sdk=iphonesimulator*]" = disable;
				DEVELOPMENT_TEAM = 9ZJ7PC53XG;
				INFOPLIST_FILE = "$(SRCROOT)/Dimple/Info.plist";
				LD_RUNPATH_SEARCH_PATHS = "$(inherited) @executable_path/Frameworks";
				PRODUCT_BUNDLE_IDENTIFIER = com.poweringpositivity.Dimple;
				PRODUCT_NAME = "$(TARGET_NAME)";
				SWIFT_VERSION = 3.0;
				TARGETED_DEVICE_FAMILY = 1;
			};
			name = Debug;
		};
		52B082B51F0D67B00044AC85 /* Release */ = {
			isa = XCBuildConfiguration;
			baseConfigurationReference = C6677B47A35DE25D7C0B2713 /* Pods-Dimple.release.xcconfig */;
			buildSettings = {
				ASSETCATALOG_COMPILER_APPICON_NAME = AppIcon;
				DEBUG_ACTIVITY_MODE = "";
				DEVELOPMENT_TEAM = 9ZJ7PC53XG;
				INFOPLIST_FILE = "$(SRCROOT)/Dimple/Info.plist";
				LD_RUNPATH_SEARCH_PATHS = "$(inherited) @executable_path/Frameworks";
				PRODUCT_BUNDLE_IDENTIFIER = com.poweringpositivity.Dimple;
				PRODUCT_NAME = "$(TARGET_NAME)";
				SWIFT_VERSION = 3.0;
				TARGETED_DEVICE_FAMILY = 1;
			};
			name = Release;
		};
/* End XCBuildConfiguration section */

/* Begin XCConfigurationList section */
		52B082861F0D67AF0044AC85 /* Build configuration list for PBXProject "Dimple" */ = {
			isa = XCConfigurationList;
			buildConfigurations = (
				52B082B11F0D67B00044AC85 /* Debug */,
				52B082B21F0D67B00044AC85 /* Release */,
			);
			defaultConfigurationIsVisible = 0;
			defaultConfigurationName = Release;
		};
		52B082B31F0D67B00044AC85 /* Build configuration list for PBXNativeTarget "Dimple" */ = {
			isa = XCConfigurationList;
			buildConfigurations = (
				52B082B41F0D67B00044AC85 /* Debug */,
				52B082B51F0D67B00044AC85 /* Release */,
			);
			defaultConfigurationIsVisible = 0;
			defaultConfigurationName = Release;
		};
/* End XCConfigurationList section */
	};
	rootObject = 52B082831F0D67AF0044AC85 /* Project object */;
}
